
Microsoft Visual Studio Solution File, Format Version 12.00
# Visual Studio Version 17
VisualStudioVersion = 17.5.33530.505
MinimumVisualStudioVersion = 10.0.40219.1
Project("{FAE04EC0-301F-11D3-BF4B-00C04F79EFBC}") = "ConsoleApp2", "ConsoleApp2\ConsoleApp2.csproj", "{13DA5226-1FBB-410A-A951-380D96FC61E2}"
EndProject
Global
	GlobalSection(SolutionConfigurationPlatforms) = preSolution
		Debug|Any CPU = Debug|Any CPU
		Release|Any CPU = Release|Any CPU
	EndGlobalSection
	GlobalSection(ProjectConfigurationPlatforms) = postSolution
		{13DA5226-1FBB-410A-A951-380D96FC61E2}.Debug|Any CPU.ActiveCfg = Debug|Any CPU
		{13DA5226-1FBB-410A-A951-380D96FC61E2}.Debug|Any CPU.Build.0 = Debug|Any CPU
		{13DA5226-1FBB-410A-A951-380D96FC61E2}.Release|Any CPU.ActiveCfg = Release|Any CPU
		{13DA5226-1FBB-410A-A951-380D96FC61E2}.Release|Any CPU.Build.0 = Release|Any CPU
	EndGlobalSection
	GlobalSection(SolutionProperties) = preSolution
		HideSolutionNode = FALSE
	EndGlobalSection
	GlobalSection(ExtensibilityGlobals) = postSolution
		SolutionGuid = {1DDD9DA4-63E4-4137-9B2A-B332ED5DFB54}
	EndGlobalSection
EndGlobal
