
Microsoft Visual Studio Solution File, Format Version 12.00
# Visual Studio Version 17
VisualStudioVersion = 17.5.33530.505
MinimumVisualStudioVersion = 10.0.40219.1
Project("{FAE04EC0-301F-11D3-BF4B-00C04F79EFBC}") = "ReverseEngineering", "ReverseEngineering\ReverseEngineering.csproj", "{380D3B4A-5E33-4DD1-8186-D511DCFC0045}"
EndProject
Global
	GlobalSection(SolutionConfigurationPlatforms) = preSolution
		Debug|Any CPU = Debug|Any CPU
		Release|Any CPU = Release|Any CPU
	EndGlobalSection
	GlobalSection(ProjectConfigurationPlatforms) = postSolution
		{380D3B4A-5E33-4DD1-8186-D511DCFC0045}.Debug|Any CPU.ActiveCfg = Debug|Any CPU
		{380D3B4A-5E33-4DD1-8186-D511DCFC0045}.Debug|Any CPU.Build.0 = Debug|Any CPU
		{380D3B4A-5E33-4DD1-8186-D511DCFC0045}.Release|Any CPU.ActiveCfg = Release|Any CPU
		{380D3B4A-5E33-4DD1-8186-D511DCFC0045}.Release|Any CPU.Build.0 = Release|Any CPU
	EndGlobalSection
	GlobalSection(SolutionProperties) = preSolution
		HideSolutionNode = FALSE
	EndGlobalSection
	GlobalSection(ExtensibilityGlobals) = postSolution
		SolutionGuid = {E0B1E012-B107-4A84-B2EC-79AD26DDA654}
	EndGlobalSection
EndGlobal
