
Microsoft Visual Studio Solution File, Format Version 12.00
# Visual Studio Version 17
VisualStudioVersion = 17.5.33530.505
MinimumVisualStudioVersion = 10.0.40219.1
Project("{FAE04EC0-301F-11D3-BF4B-00C04F79EFBC}") = "prac", "prac\prac.csproj", "{F0182F9A-4FF6-47BD-821F-E7D95C3F939F}"
EndProject
Global
	GlobalSection(SolutionConfigurationPlatforms) = preSolution
		Debug|Any CPU = Debug|Any CPU
		Release|Any CPU = Release|Any CPU
	EndGlobalSection
	GlobalSection(ProjectConfigurationPlatforms) = postSolution
		{F0182F9A-4FF6-47BD-821F-E7D95C3F939F}.Debug|Any CPU.ActiveCfg = Debug|Any CPU
		{F0182F9A-4FF6-47BD-821F-E7D95C3F939F}.Debug|Any CPU.Build.0 = Debug|Any CPU
		{F0182F9A-4FF6-47BD-821F-E7D95C3F939F}.Release|Any CPU.ActiveCfg = Release|Any CPU
		{F0182F9A-4FF6-47BD-821F-E7D95C3F939F}.Release|Any CPU.Build.0 = Release|Any CPU
	EndGlobalSection
	GlobalSection(SolutionProperties) = preSolution
		HideSolutionNode = FALSE
	EndGlobalSection
	GlobalSection(ExtensibilityGlobals) = postSolution
		SolutionGuid = {B40FD6C6-1FCE-440D-9F15-32329499399F}
	EndGlobalSection
EndGlobal
