
Microsoft Visual Studio Solution File, Format Version 12.00
# Visual Studio Version 17
VisualStudioVersion = 17.5.33530.505
MinimumVisualStudioVersion = 10.0.40219.1
Project("{FAE04EC0-301F-11D3-BF4B-00C04F79EFBC}") = "Ronny", "Ronny\Ronny.csproj", "{F062DC63-F3E5-4D3F-AB8A-6E78D070DD1E}"
EndProject
Global
	GlobalSection(SolutionConfigurationPlatforms) = preSolution
		Debug|Any CPU = Debug|Any CPU
		Release|Any CPU = Release|Any CPU
	EndGlobalSection
	GlobalSection(ProjectConfigurationPlatforms) = postSolution
		{F062DC63-F3E5-4D3F-AB8A-6E78D070DD1E}.Debug|Any CPU.ActiveCfg = Debug|Any CPU
		{F062DC63-F3E5-4D3F-AB8A-6E78D070DD1E}.Debug|Any CPU.Build.0 = Debug|Any CPU
		{F062DC63-F3E5-4D3F-AB8A-6E78D070DD1E}.Release|Any CPU.ActiveCfg = Release|Any CPU
		{F062DC63-F3E5-4D3F-AB8A-6E78D070DD1E}.Release|Any CPU.Build.0 = Release|Any CPU
	EndGlobalSection
	GlobalSection(SolutionProperties) = preSolution
		HideSolutionNode = FALSE
	EndGlobalSection
	GlobalSection(ExtensibilityGlobals) = postSolution
		SolutionGuid = {18C8546C-76CD-490D-B0B3-18F08F816212}
	EndGlobalSection
EndGlobal
