
Microsoft Visual Studio Solution File, Format Version 12.00
# Visual Studio Version 17
VisualStudioVersion = 17.5.33530.505
MinimumVisualStudioVersion = 10.0.40219.1
Project("{FAE04EC0-301F-11D3-BF4B-00C04F79EFBC}") = "CA1", "CA1\CA1.csproj", "{77BFD8FC-0C38-451C-8F46-D39722F4E948}"
EndProject
Global
	GlobalSection(SolutionConfigurationPlatforms) = preSolution
		Debug|Any CPU = Debug|Any CPU
		Release|Any CPU = Release|Any CPU
	EndGlobalSection
	GlobalSection(ProjectConfigurationPlatforms) = postSolution
		{77BFD8FC-0C38-451C-8F46-D39722F4E948}.Debug|Any CPU.ActiveCfg = Debug|Any CPU
		{77BFD8FC-0C38-451C-8F46-D39722F4E948}.Debug|Any CPU.Build.0 = Debug|Any CPU
		{77BFD8FC-0C38-451C-8F46-D39722F4E948}.Release|Any CPU.ActiveCfg = Release|Any CPU
		{77BFD8FC-0C38-451C-8F46-D39722F4E948}.Release|Any CPU.Build.0 = Release|Any CPU
	EndGlobalSection
	GlobalSection(SolutionProperties) = preSolution
		HideSolutionNode = FALSE
	EndGlobalSection
	GlobalSection(ExtensibilityGlobals) = postSolution
		SolutionGuid = {AD0A5D21-B848-43F9-BE6F-AB47BEDA29C5}
	EndGlobalSection
EndGlobal
