
Microsoft Visual Studio Solution File, Format Version 12.00
# Visual Studio Version 17
VisualStudioVersion = 17.5.33530.505
MinimumVisualStudioVersion = 10.0.40219.1
Project("{FAE04EC0-301F-11D3-BF4B-00C04F79EFBC}") = "ClassLibrary2AA", "ClassLibrary2AA\ClassLibrary2AA.csproj", "{AAFE5700-203D-4E43-9473-791E3DF04F53}"
EndProject
Global
	GlobalSection(SolutionConfigurationPlatforms) = preSolution
		Debug|Any CPU = Debug|Any CPU
		Release|Any CPU = Release|Any CPU
	EndGlobalSection
	GlobalSection(ProjectConfigurationPlatforms) = postSolution
		{AAFE5700-203D-4E43-9473-791E3DF04F53}.Debug|Any CPU.ActiveCfg = Debug|Any CPU
		{AAFE5700-203D-4E43-9473-791E3DF04F53}.Debug|Any CPU.Build.0 = Debug|Any CPU
		{AAFE5700-203D-4E43-9473-791E3DF04F53}.Release|Any CPU.ActiveCfg = Release|Any CPU
		{AAFE5700-203D-4E43-9473-791E3DF04F53}.Release|Any CPU.Build.0 = Release|Any CPU
	EndGlobalSection
	GlobalSection(SolutionProperties) = preSolution
		HideSolutionNode = FALSE
	EndGlobalSection
	GlobalSection(ExtensibilityGlobals) = postSolution
		SolutionGuid = {8871F983-862F-4A73-BBA1-3EA44A92A67D}
	EndGlobalSection
EndGlobal
