
Microsoft Visual Studio Solution File, Format Version 12.00
# Visual Studio Version 17
VisualStudioVersion = 17.5.33530.505
MinimumVisualStudioVersion = 10.0.40219.1
Project("{FAE04EC0-301F-11D3-BF4B-00C04F79EFBC}") = "EFMain", "EFMain\EFMain.csproj", "{81663607-C785-4C6C-8E6C-EA1074691598}"
EndProject
Global
	GlobalSection(SolutionConfigurationPlatforms) = preSolution
		Debug|Any CPU = Debug|Any CPU
		Release|Any CPU = Release|Any CPU
	EndGlobalSection
	GlobalSection(ProjectConfigurationPlatforms) = postSolution
		{81663607-C785-4C6C-8E6C-EA1074691598}.Debug|Any CPU.ActiveCfg = Debug|Any CPU
		{81663607-C785-4C6C-8E6C-EA1074691598}.Debug|Any CPU.Build.0 = Debug|Any CPU
		{81663607-C785-4C6C-8E6C-EA1074691598}.Release|Any CPU.ActiveCfg = Release|Any CPU
		{81663607-C785-4C6C-8E6C-EA1074691598}.Release|Any CPU.Build.0 = Release|Any CPU
	EndGlobalSection
	GlobalSection(SolutionProperties) = preSolution
		HideSolutionNode = FALSE
	EndGlobalSection
	GlobalSection(ExtensibilityGlobals) = postSolution
		SolutionGuid = {4081E95B-5911-42B0-87F1-C4799866F74A}
	EndGlobalSection
EndGlobal
